
Microsoft Visual Studio Solution File, Format Version 12.00
# Visual Studio Version 17
VisualStudioVersion = 17.11.35327.3
MinimumVisualStudioVersion = 10.0.40219.1
Project("{9A19103F-16F7-4668-BE54-9A1E7A4F7556}") = "Simulator", "Simulator\Simulator.csproj", "{642D2A08-B2D5-4853-8BF2-9D6D5D9990A3}"
EndProject
Project("{FAE04EC0-301F-11D3-BF4B-00C04F79EFBC}") = "Runner", "Runner\Runner.csproj", "{3E8B5BB5-874F-494B-844D-075C47AF5CB3}"
EndProject
Global
	GlobalSection(SolutionConfigurationPlatforms) = preSolution
		Debug|Any CPU = Debug|Any CPU
		Release|Any CPU = Release|Any CPU
	EndGlobalSection
	GlobalSection(ProjectConfigurationPlatforms) = postSolution
		{642D2A08-B2D5-4853-8BF2-9D6D5D9990A3}.Debug|Any CPU.ActiveCfg = Debug|Any CPU
		{642D2A08-B2D5-4853-8BF2-9D6D5D9990A3}.Debug|Any CPU.Build.0 = Debug|Any CPU
		{642D2A08-B2D5-4853-8BF2-9D6D5D9990A3}.Release|Any CPU.ActiveCfg = Release|Any CPU
		{642D2A08-B2D5-4853-8BF2-9D6D5D9990A3}.Release|Any CPU.Build.0 = Release|Any CPU
		{3E8B5BB5-874F-494B-844D-075C47AF5CB3}.Debug|Any CPU.ActiveCfg = Debug|Any CPU
		{3E8B5BB5-874F-494B-844D-075C47AF5CB3}.Debug|Any CPU.Build.0 = Debug|Any CPU
		{3E8B5BB5-874F-494B-844D-075C47AF5CB3}.Release|Any CPU.ActiveCfg = Release|Any CPU
		{3E8B5BB5-874F-494B-844D-075C47AF5CB3}.Release|Any CPU.Build.0 = Release|Any CPU
	EndGlobalSection
	GlobalSection(SolutionProperties) = preSolution
		HideSolutionNode = FALSE
	EndGlobalSection
	GlobalSection(ExtensibilityGlobals) = postSolution
		SolutionGuid = {6F34F64D-D9C4-4A68-BCB7-24E90D1AE1B7}
	EndGlobalSection
EndGlobal
